{
  "nodes": {
    "discord": {
      "inputs": {
        "nixpkgs": [
          "nixpkgs"
        ]
      },
      "locked": {
        "lastModified": 1741390227,
        "narHash": "sha256-v8IcsDgUD4RlxAy/5iofs48ytZd6yHcCKx/k0DWXi1s=",
        "owner": "InternetUnexplorer",
        "repo": "discord-overlay",
        "rev": "b7b7214d28045b5e5dbfeabfd56a6c81b50ee80b",
        "type": "github"
      },
      "original": {
        "owner": "InternetUnexplorer",
        "repo": "discord-overlay",
        "type": "github"
      }
    },
    "home-manager": {
      "inputs": {
        "nixpkgs": [
          "nixpkgs"
        ]
      },
      "locked": {
        "lastModified": 1741613526,
        "narHash": "sha256-HUEfRLqCy47BQ7kOG4SRVhqE7J6lkFzAagnd13I17qk=",
        "owner": "nix-community",
        "repo": "home-manager",
        "rev": "3593ee59a44974b8518829a5239b2f77222e3c81",
        "type": "github"
      },
      "original": {
        "owner": "nix-community",
        "repo": "home-manager",
        "type": "github"
      }
    },
    "nixpkgs": {
      "locked": {
        "lastModified": 1741513245,
        "narHash": "sha256-7rTAMNTY1xoBwz0h7ZMtEcd8LELk9R5TzBPoHuhNSCk=",
        "owner": "nixos",
        "repo": "nixpkgs",
        "rev": "e3e32b642a31e6714ec1b712de8c91a3352ce7e1",
        "type": "github"
      },
      "original": {
        "owner": "nixos",
        "ref": "nixos-unstable",
        "repo": "nixpkgs",
        "type": "github"
      }
    },
    "root": {
      "inputs": {
        "discord": "discord",
        "home-manager": "home-manager",
        "nixpkgs": "nixpkgs"
      }
    }
  },
  "root": "root",
  "version": 7
}
