{
  "nodes": {
    "discord": {
      "inputs": {
        "nixpkgs": [
          "nixpkgs"
        ]
      },
      "locked": {
        "lastModified": 1676327432,
        "narHash": "sha256-GotnCuaX/PN/XfbkztUzOUruwpJ4ZizGp672wQOduQ4=",
        "owner": "InternetUnexplorer",
        "repo": "discord-overlay",
        "rev": "0f61eaf17472d6e853b0f52eee929d9f0885bdfb",
        "type": "github"
      },
      "original": {
        "owner": "InternetUnexplorer",
        "repo": "discord-overlay",
        "type": "github"
      }
    },
    "emacs": {
      "inputs": {
        "flake-utils": "flake-utils",
        "nixpkgs": [
          "nixpkgs"
        ]
      },
      "locked": {
        "lastModified": 1676970557,
        "narHash": "sha256-thCJXMjGP/nj/levoa8T2E7pODjkbUDkibmA3v/k1as=",
        "owner": "nix-community",
        "repo": "emacs-overlay",
        "rev": "8279a14edb0194ddb5d15dc1f7d752fee9fc8ce0",
        "type": "github"
      },
      "original": {
        "owner": "nix-community",
        "repo": "emacs-overlay",
        "type": "github"
      }
    },
    "emacs29-src": {
      "flake": false,
      "locked": {
        "lastModified": 1676996135,
        "narHash": "sha256-Jw9N43FJYBQb23LkTLZtqFTrPIAvfn2aAO8n/a43JyM=",
        "owner": "emacs-mirror",
        "repo": "emacs",
        "rev": "f1c838980601f05479bf29502c04fc5c38339c97",
        "type": "github"
      },
      "original": {
        "owner": "emacs-mirror",
        "ref": "emacs-29",
        "repo": "emacs",
        "type": "github"
      }
    },
    "flake-utils": {
      "locked": {
        "lastModified": 1667395993,
        "narHash": "sha256-nuEHfE/LcWyuSWnS8t12N1wc105Qtau+/OdUAjtQ0rA=",
        "owner": "numtide",
        "repo": "flake-utils",
        "rev": "5aed5285a952e0b949eb3ba02c12fa4fcfef535f",
        "type": "github"
      },
      "original": {
        "owner": "numtide",
        "repo": "flake-utils",
        "type": "github"
      }
    },
    "home-manager": {
      "inputs": {
        "nixpkgs": [
          "nixpkgs"
        ],
        "utils": "utils"
      },
      "locked": {
        "lastModified": 1676933022,
        "narHash": "sha256-gLghsEHOy2W2ZmSwqNOyj2mSHe9SMpdcbqnoySlZnmY=",
        "owner": "nix-community",
        "repo": "home-manager",
        "rev": "5e889b385c43a8a72ada5ebc4888bbebb129b438",
        "type": "github"
      },
      "original": {
        "owner": "nix-community",
        "repo": "home-manager",
        "type": "github"
      }
    },
    "nixpkgs": {
      "locked": {
        "lastModified": 1676885936,
        "narHash": "sha256-ZRKb6zBfTvdCOXI7nGC1L9UWSU5ay2ltxg+f5UIzBOU=",
        "owner": "nixos",
        "repo": "nixpkgs",
        "rev": "b69883faca9542d135fa6bab7928ff1b233c167f",
        "type": "github"
      },
      "original": {
        "owner": "nixos",
        "ref": "nixos-unstable",
        "repo": "nixpkgs",
        "type": "github"
      }
    },
    "root": {
      "inputs": {
        "discord": "discord",
        "emacs": "emacs",
        "emacs29-src": "emacs29-src",
        "home-manager": "home-manager",
        "nixpkgs": "nixpkgs"
      }
    },
    "utils": {
      "locked": {
        "lastModified": 1667395993,
        "narHash": "sha256-nuEHfE/LcWyuSWnS8t12N1wc105Qtau+/OdUAjtQ0rA=",
        "owner": "numtide",
        "repo": "flake-utils",
        "rev": "5aed5285a952e0b949eb3ba02c12fa4fcfef535f",
        "type": "github"
      },
      "original": {
        "owner": "numtide",
        "repo": "flake-utils",
        "type": "github"
      }
    }
  },
  "root": "root",
  "version": 7
}
